// !$*UTF8*$!
{
	archiveVersion = 1;
	classes = {
	};
	objectVersion = 46;
	objects = {

/* Begin PBXBuildFile section */
		4233C91D54090CEF16F59568 /* libPods.a in Frameworks */ = {isa = PBXBuildFile; fileRef = 055F3965F5D3B2098C86D930 /* libPods.a */; };
		B900868F1B6F1151003BC694 /* EM+ChatDataUtils.m in Sources */ = {isa = PBXBuildFile; fileRef = B900868E1B6F1151003BC694 /* EM+ChatDataUtils.m */; };
		B90086C51B7091CC003BC694 /* EM_ChatStrings.strings in Resources */ = {isa = PBXBuildFile; fileRef = B90086C31B7091CC003BC694 /* EM_ChatStrings.strings */; };
		B90086C61B7091CC003BC694 /* EM_Resource.bundle in Resources */ = {isa = PBXBuildFile; fileRef = B90086C41B7091CC003BC694 /* EM_Resource.bundle */; };
		B90087141B71AC42003BC694 /* EaseMobUIClient.m in Sources */ = {isa = PBXBuildFile; fileRef = B90087131B71AC42003BC694 /* EaseMobUIClient.m */; };
		B928ACE31B58E22A00F618BE /* EM+ChatMessageBaseBubble.m in Sources */ = {isa = PBXBuildFile; fileRef = B928ACE21B58E22A00F618BE /* EM+ChatMessageBaseBubble.m */; };
		B94E2CDA1B6088A500F7BACE /* EM+ChatVersion.m in Sources */ = {isa = PBXBuildFile; fileRef = B94E2CD91B6088A500F7BACE /* EM+ChatVersion.m */; };
		B94E2CDD1B6089D200F7BACE /* EM+ChatConversation.m in Sources */ = {isa = PBXBuildFile; fileRef = B94E2CDC1B6089D200F7BACE /* EM+ChatConversation.m */; };
		B94E2CE01B608B9C00F7BACE /* EM+ChatMessageData.m in Sources */ = {isa = PBXBuildFile; fileRef = B94E2CDF1B608B9C00F7BACE /* EM+ChatMessageData.m */; };
		B94E2CE41B60958A00F7BACE /* EM+DBOPHelper.m in Sources */ = {isa = PBXBuildFile; fileRef = B94E2CE31B60958A00F7BACE /* EM+DBOPHelper.m */; };
		B94E2CE71B60963B00F7BACE /* EM+ChatDB.m in Sources */ = {isa = PBXBuildFile; fileRef = B94E2CE61B60963B00F7BACE /* EM+ChatDB.m */; };
		B94E2CEA1B60D7FD00F7BACE /* EM+ChatBase.m in Sources */ = {isa = PBXBuildFile; fileRef = B94E2CE91B60D7FD00F7BACE /* EM+ChatBase.m */; };
		B94E2CED1B60E98900F7BACE /* EM+ChatDBM.m in Sources */ = {isa = PBXBuildFile; fileRef = B94E2CEC1B60E98900F7BACE /* EM+ChatDBM.m */; };
		B94E2CF01B60F29E00F7BACE /* EM+ChatLatelyEmoji.m in Sources */ = {isa = PBXBuildFile; fileRef = B94E2CEF1B60F29E00F7BACE /* EM+ChatLatelyEmoji.m */; };
		B94E2CF31B623A1400F7BACE /* EM+ChatInputView.m in Sources */ = {isa = PBXBuildFile; fileRef = B94E2CF21B623A1400F7BACE /* EM+ChatInputView.m */; };
		B95FC56D1B516B2400804333 /* EM+ChatActionButton.m in Sources */ = {isa = PBXBuildFile; fileRef = B95FC56C1B516B2400804333 /* EM+ChatActionButton.m */; };
		B965FD8D1B535ADB00B5B23B /* EaseMobLoginController.m in Sources */ = {isa = PBXBuildFile; fileRef = B965FD8C1B535ADB00B5B23B /* EaseMobLoginController.m */; };
		B965FD9B1B535FD000B5B23B /* Emoji.m in Sources */ = {isa = PBXBuildFile; fileRef = B965FD911B535FD000B5B23B /* Emoji.m */; };
		B965FD9C1B535FD000B5B23B /* EmojiEmoticons.m in Sources */ = {isa = PBXBuildFile; fileRef = B965FD931B535FD000B5B23B /* EmojiEmoticons.m */; };
		B965FD9D1B535FD000B5B23B /* EmojiMapSymbols.m in Sources */ = {isa = PBXBuildFile; fileRef = B965FD951B535FD000B5B23B /* EmojiMapSymbols.m */; };
		B965FD9E1B535FD000B5B23B /* EmojiPictographs.m in Sources */ = {isa = PBXBuildFile; fileRef = B965FD971B535FD000B5B23B /* EmojiPictographs.m */; };
		B965FD9F1B535FD000B5B23B /* EmojiTransport.m in Sources */ = {isa = PBXBuildFile; fileRef = B965FD991B535FD000B5B23B /* EmojiTransport.m */; };
		B97829F31B43DEE200D602F0 /* UStylistChatController.m in Sources */ = {isa = PBXBuildFile; fileRef = B97829F21B43DEE200D602F0 /* UStylistChatController.m */; };
		B9782A051B43F05F00D602F0 /* UIColor+Hex.m in Sources */ = {isa = PBXBuildFile; fileRef = B9782A041B43F05F00D602F0 /* UIColor+Hex.m */; };
		B9782A0C1B43F31F00D602F0 /* EM+ChatController.m in Sources */ = {isa = PBXBuildFile; fileRef = B9782A0B1B43F31F00D602F0 /* EM+ChatController.m */; };
		B9782A0F1B44E91C00D602F0 /* EM+ChatToolBar.m in Sources */ = {isa = PBXBuildFile; fileRef = B9782A0E1B44E91C00D602F0 /* EM+ChatToolBar.m */; };
		B9782A121B4629AC00D602F0 /* EM+ChatInputTool.m in Sources */ = {isa = PBXBuildFile; fileRef = B9782A111B4629AC00D602F0 /* EM+ChatInputTool.m */; };
		B9782A191B46646100D602F0 /* EM+ChatMoreTool.m in Sources */ = {isa = PBXBuildFile; fileRef = B9782A181B46646100D602F0 /* EM+ChatMoreTool.m */; };
		B9782A1C1B4667C700D602F0 /* EM+ChatRecordView.m in Sources */ = {isa = PBXBuildFile; fileRef = B9782A1B1B4667C700D602F0 /* EM+ChatRecordView.m */; };
		B9782A1F1B4667F600D602F0 /* EM+ChatEmojiView.m in Sources */ = {isa = PBXBuildFile; fileRef = B9782A1E1B4667F600D602F0 /* EM+ChatEmojiView.m */; };
		B9782A221B46681900D602F0 /* EM+ChatActionView.m in Sources */ = {isa = PBXBuildFile; fileRef = B9782A211B46681900D602F0 /* EM+ChatActionView.m */; };
		B9782A251B466A6700D602F0 /* EM+ChatBaseView.m in Sources */ = {isa = PBXBuildFile; fileRef = B9782A241B466A6700D602F0 /* EM+ChatBaseView.m */; };
		B9782A2B1B46762300D602F0 /* EM+ChatUIConfig.m in Sources */ = {isa = PBXBuildFile; fileRef = B9782A2A1B46762300D602F0 /* EM+ChatUIConfig.m */; };
		B97F05451B73AA420096B98D /* EM+ChatFileUtils.m in Sources */ = {isa = PBXBuildFile; fileRef = B97F05441B73AA420096B98D /* EM+ChatFileUtils.m */; };
		B97F05481B73AAD10096B98D /* EM+ChatResourcesUtils.m in Sources */ = {isa = PBXBuildFile; fileRef = B97F05471B73AAD10096B98D /* EM+ChatResourcesUtils.m */; };
		B97F054B1B7461160096B98D /* EM+ChatDBUtils.m in Sources */ = {isa = PBXBuildFile; fileRef = B97F054A1B7461160096B98D /* EM+ChatDBUtils.m */; };
		B97F054D1B7461350096B98D /* CoreData.framework in Frameworks */ = {isa = PBXBuildFile; fileRef = B97F054C1B7461350096B98D /* CoreData.framework */; };
		B97F05501B74630D0096B98D /* EM_ChatModel.xcdatamodeld in Sources */ = {isa = PBXBuildFile; fileRef = B97F054E1B74630D0096B98D /* EM_ChatModel.xcdatamodeld */; };
		B98CC23F1B54F705002558D2 /* EM+ChatTableView.m in Sources */ = {isa = PBXBuildFile; fileRef = B98CC23E1B54F705002558D2 /* EM+ChatTableView.m */; };
		B98CC2521B57D106002558D2 /* EM+ChatMessageCell.m in Sources */ = {isa = PBXBuildFile; fileRef = B98CC2511B57D106002558D2 /* EM+ChatMessageCell.m */; };
		B990CA4F1B5F735300BA25B1 /* EM+ChatMessageManager.m in Sources */ = {isa = PBXBuildFile; fileRef = B990CA4E1B5F735300BA25B1 /* EM+ChatMessageManager.m */; };
		B9BF0DFD1B42889F0003FF67 /* main.m in Sources */ = {isa = PBXBuildFile; fileRef = B9BF0DFC1B42889F0003FF67 /* main.m */; };
		B9BF0E001B42889F0003FF67 /* AppDelegate.m in Sources */ = {isa = PBXBuildFile; fileRef = B9BF0DFF1B42889F0003FF67 /* AppDelegate.m */; };
		B9BF0E081B42889F0003FF67 /* Images.xcassets in Resources */ = {isa = PBXBuildFile; fileRef = B9BF0E071B42889F0003FF67 /* Images.xcassets */; };
		B9BF0E0B1B42889F0003FF67 /* LaunchScreen.xib in Resources */ = {isa = PBXBuildFile; fileRef = B9BF0E091B42889F0003FF67 /* LaunchScreen.xib */; };
		B9BF0E171B42889F0003FF67 /* EaseMobUITests.m in Sources */ = {isa = PBXBuildFile; fileRef = B9BF0E161B42889F0003FF67 /* EaseMobUITests.m */; };
		B9D1BF751B59167600C0A3D4 /* UIViewController+HUD.m in Sources */ = {isa = PBXBuildFile; fileRef = B9D1BF741B59167600C0A3D4 /* UIViewController+HUD.m */; };
		B9D1BF9E1B5A4C3900C0A3D4 /* EMAudioPlayerUtil.m in Sources */ = {isa = PBXBuildFile; fileRef = B9D1BF801B5A4C3900C0A3D4 /* EMAudioPlayerUtil.m */; };
		B9D1BF9F1B5A4C3900C0A3D4 /* EMAudioRecorderUtil.m in Sources */ = {isa = PBXBuildFile; fileRef = B9D1BF821B5A4C3900C0A3D4 /* EMAudioRecorderUtil.m */; };
		B9D1BFA01B5A4C3900C0A3D4 /* EMCDDeviceManager+Media.m in Sources */ = {isa = PBXBuildFile; fileRef = B9D1BF841B5A4C3900C0A3D4 /* EMCDDeviceManager+Media.m */; };
		B9D1BFA11B5A4C3900C0A3D4 /* EMCDDeviceManager+Microphone.m in Sources */ = {isa = PBXBuildFile; fileRef = B9D1BF861B5A4C3900C0A3D4 /* EMCDDeviceManager+Microphone.m */; };
		B9D1BFA21B5A4C3900C0A3D4 /* EMCDDeviceManager+ProximitySensor.m in Sources */ = {isa = PBXBuildFile; fileRef = B9D1BF881B5A4C3900C0A3D4 /* EMCDDeviceManager+ProximitySensor.m */; };
		B9D1BFA31B5A4C3900C0A3D4 /* EMCDDeviceManager+Remind.m in Sources */ = {isa = PBXBuildFile; fileRef = B9D1BF8A1B5A4C3900C0A3D4 /* EMCDDeviceManager+Remind.m */; };
		B9D1BFA41B5A4C3900C0A3D4 /* EMCDDeviceManagerBase.m in Sources */ = {isa = PBXBuildFile; fileRef = B9D1BF8D1B5A4C3900C0A3D4 /* EMCDDeviceManagerBase.m */; };
		B9D1BFAC1B5A56D500C0A3D4 /* EM+ChatRecordArcView.m in Sources */ = {isa = PBXBuildFile; fileRef = B9D1BFAB1B5A56D500C0A3D4 /* EM+ChatRecordArcView.m */; };
		B9D1BFAF1B5CE8CF00C0A3D4 /* EM+LocationController.m in Sources */ = {isa = PBXBuildFile; fileRef = B9D1BFAE1B5CE8CF00C0A3D4 /* EM+LocationController.m */; };
		B9D1BFB21B5DE8E800C0A3D4 /* EM+ChatMessageModel.m in Sources */ = {isa = PBXBuildFile; fileRef = B9D1BFB11B5DE8E800C0A3D4 /* EM+ChatMessageModel.m */; };
		B9D1BFB61B5DF93400C0A3D4 /* EM+ChatMessageTextBubble.m in Sources */ = {isa = PBXBuildFile; fileRef = B9D1BFB51B5DF93300C0A3D4 /* EM+ChatMessageTextBubble.m */; };
		B9D1BFB91B5E16FA00C0A3D4 /* EM+ChatMessageImageBubble.m in Sources */ = {isa = PBXBuildFile; fileRef = B9D1BFB81B5E16FA00C0A3D4 /* EM+ChatMessageImageBubble.m */; };
		B9D1BFBC1B5E17AD00C0A3D4 /* EM+ChatMessageVideoBubble.m in Sources */ = {isa = PBXBuildFile; fileRef = B9D1BFBB1B5E17AD00C0A3D4 /* EM+ChatMessageVideoBubble.m */; };
		B9D1BFBF1B5E17F700C0A3D4 /* EM+ChatMessageLocationBubble.m in Sources */ = {isa = PBXBuildFile; fileRef = B9D1BFBE1B5E17F700C0A3D4 /* EM+ChatMessageLocationBubble.m */; };
		B9D1BFC21B5E183D00C0A3D4 /* EM+ChatMessageVoiceBubble.m in Sources */ = {isa = PBXBuildFile; fileRef = B9D1BFC11B5E183D00C0A3D4 /* EM+ChatMessageVoiceBubble.m */; };
		B9D1BFC51B5E18A200C0A3D4 /* EM+ChatMessageFileBubble.m in Sources */ = {isa = PBXBuildFile; fileRef = B9D1BFC41B5E18A200C0A3D4 /* EM+ChatMessageFileBubble.m */; };
/* End PBXBuildFile section */

/* Begin PBXContainerItemProxy section */
		B9BF0E111B42889F0003FF67 /* PBXContainerItemProxy */ = {
			isa = PBXContainerItemProxy;
			containerPortal = B9BF0DEF1B42889F0003FF67 /* Project object */;
			proxyType = 1;
			remoteGlobalIDString = B9BF0DF61B42889F0003FF67;
			remoteInfo = EaseMobUI;
		};
/* End PBXContainerItemProxy section */

/* Begin PBXFileReference section */
		055F3965F5D3B2098C86D930 /* libPods.a */ = {isa = PBXFileReference; explicitFileType = archive.ar; includeInIndex = 0; path = libPods.a; sourceTree = BUILT_PRODUCTS_DIR; };
		51174D9749BCC6710D40E6CE /* Pods.release.xcconfig */ = {isa = PBXFileReference; includeInIndex = 1; lastKnownFileType = text.xcconfig; name = Pods.release.xcconfig; path = "Pods/Target Support Files/Pods/Pods.release.xcconfig"; sourceTree = "<group>"; };
		988124437FD0EB4776958B18 /* Pods.debug.xcconfig */ = {isa = PBXFileReference; includeInIndex = 1; lastKnownFileType = text.xcconfig; name = Pods.debug.xcconfig; path = "Pods/Target Support Files/Pods/Pods.debug.xcconfig"; sourceTree = "<group>"; };
		B900868D1B6F1151003BC694 /* EM+ChatDataUtils.h */ = {isa = PBXFileReference; fileEncoding = 4; lastKnownFileType = sourcecode.c.h; path = "EM+ChatDataUtils.h"; sourceTree = "<group>"; };
		B900868E1B6F1151003BC694 /* EM+ChatDataUtils.m */ = {isa = PBXFileReference; fileEncoding = 4; lastKnownFileType = sourcecode.c.objc; path = "EM+ChatDataUtils.m"; sourceTree = "<group>"; };
		B90086C31B7091CC003BC694 /* EM_ChatStrings.strings */ = {isa = PBXFileReference; fileEncoding = 4; lastKnownFileType = text.plist.strings; path = EM_ChatStrings.strings; sourceTree = "<group>"; };
		B90086C41B7091CC003BC694 /* EM_Resource.bundle */ = {isa = PBXFileReference; lastKnownFileType = "wrapper.plug-in"; path = EM_Resource.bundle; sourceTree = "<group>"; };
		B90087121B71AC42003BC694 /* EaseMobUIClient.h */ = {isa = PBXFileReference; fileEncoding = 4; lastKnownFileType = sourcecode.c.h; path = EaseMobUIClient.h; sourceTree = "<group>"; };
		B90087131B71AC42003BC694 /* EaseMobUIClient.m */ = {isa = PBXFileReference; fileEncoding = 4; lastKnownFileType = sourcecode.c.objc; path = EaseMobUIClient.m; sourceTree = "<group>"; };
		B928ACE11B58E22A00F618BE /* EM+ChatMessageBaseBubble.h */ = {isa = PBXFileReference; fileEncoding = 4; lastKnownFileType = sourcecode.c.h; path = "EM+ChatMessageBaseBubble.h"; sourceTree = "<group>"; };
		B928ACE21B58E22A00F618BE /* EM+ChatMessageBaseBubble.m */ = {isa = PBXFileReference; fileEncoding = 4; lastKnownFileType = sourcecode.c.objc; path = "EM+ChatMessageBaseBubble.m"; sourceTree = "<group>"; };
		B94E2CD81B6088A500F7BACE /* EM+ChatVersion.h */ = {isa = PBXFileReference; fileEncoding = 4; lastKnownFileType = sourcecode.c.h; path = "EM+ChatVersion.h"; sourceTree = "<group>"; };
		B94E2CD91B6088A500F7BACE /* EM+ChatVersion.m */ = {isa = PBXFileReference; fileEncoding = 4; lastKnownFileType = sourcecode.c.objc; path = "EM+ChatVersion.m"; sourceTree = "<group>"; };
		B94E2CDB1B6089D200F7BACE /* EM+ChatConversation.h */ = {isa = PBXFileReference; fileEncoding = 4; lastKnownFileType = sourcecode.c.h; path = "EM+ChatConversation.h"; sourceTree = "<group>"; };
		B94E2CDC1B6089D200F7BACE /* EM+ChatConversation.m */ = {isa = PBXFileReference; fileEncoding = 4; lastKnownFileType = sourcecode.c.objc; path = "EM+ChatConversation.m"; sourceTree = "<group>"; };
		B94E2CDE1B608B9C00F7BACE /* EM+ChatMessageData.h */ = {isa = PBXFileReference; fileEncoding = 4; lastKnownFileType = sourcecode.c.h; name = "EM+ChatMessageData.h"; path = "../DB/EM+ChatMessageData.h"; sourceTree = "<group>"; };
		B94E2CDF1B608B9C00F7BACE /* EM+ChatMessageData.m */ = {isa = PBXFileReference; fileEncoding = 4; lastKnownFileType = sourcecode.c.objc; name = "EM+ChatMessageData.m"; path = "../DB/EM+ChatMessageData.m"; sourceTree = "<group>"; };
		B94E2CE21B60958A00F7BACE /* EM+DBOPHelper.h */ = {isa = PBXFileReference; fileEncoding = 4; lastKnownFileType = sourcecode.c.h; path = "EM+DBOPHelper.h"; sourceTree = "<group>"; };
		B94E2CE31B60958A00F7BACE /* EM+DBOPHelper.m */ = {isa = PBXFileReference; fileEncoding = 4; lastKnownFileType = sourcecode.c.objc; path = "EM+DBOPHelper.m"; sourceTree = "<group>"; };
		B94E2CE51B60963B00F7BACE /* EM+ChatDB.h */ = {isa = PBXFileReference; fileEncoding = 4; lastKnownFileType = sourcecode.c.h; path = "EM+ChatDB.h"; sourceTree = "<group>"; };
		B94E2CE61B60963B00F7BACE /* EM+ChatDB.m */ = {isa = PBXFileReference; fileEncoding = 4; lastKnownFileType = sourcecode.c.objc; path = "EM+ChatDB.m"; sourceTree = "<group>"; };
		B94E2CE81B60D7FD00F7BACE /* EM+ChatBase.h */ = {isa = PBXFileReference; fileEncoding = 4; lastKnownFileType = sourcecode.c.h; path = "EM+ChatBase.h"; sourceTree = "<group>"; };
		B94E2CE91B60D7FD00F7BACE /* EM+ChatBase.m */ = {isa = PBXFileReference; fileEncoding = 4; lastKnownFileType = sourcecode.c.objc; path = "EM+ChatBase.m"; sourceTree = "<group>"; };
		B94E2CEB1B60E98900F7BACE /* EM+ChatDBM.h */ = {isa = PBXFileReference; fileEncoding = 4; lastKnownFileType = sourcecode.c.h; path = "EM+ChatDBM.h"; sourceTree = "<group>"; };
		B94E2CEC1B60E98900F7BACE /* EM+ChatDBM.m */ = {isa = PBXFileReference; fileEncoding = 4; lastKnownFileType = sourcecode.c.objc; path = "EM+ChatDBM.m"; sourceTree = "<group>"; };
		B94E2CEE1B60F29E00F7BACE /* EM+ChatLatelyEmoji.h */ = {isa = PBXFileReference; fileEncoding = 4; lastKnownFileType = sourcecode.c.h; path = "EM+ChatLatelyEmoji.h"; sourceTree = "<group>"; };
		B94E2CEF1B60F29E00F7BACE /* EM+ChatLatelyEmoji.m */ = {isa = PBXFileReference; fileEncoding = 4; lastKnownFileType = sourcecode.c.objc; path = "EM+ChatLatelyEmoji.m"; sourceTree = "<group>"; };
		B94E2CF11B623A1400F7BACE /* EM+ChatInputView.h */ = {isa = PBXFileReference; fileEncoding = 4; lastKnownFileType = sourcecode.c.h; path = "EM+ChatInputView.h"; sourceTree = "<group>"; };
		B94E2CF21B623A1400F7BACE /* EM+ChatInputView.m */ = {isa = PBXFileReference; fileEncoding = 4; lastKnownFileType = sourcecode.c.objc; path = "EM+ChatInputView.m"; sourceTree = "<group>"; };
		B95FC56B1B516B2400804333 /* EM+ChatActionButton.h */ = {isa = PBXFileReference; fileEncoding = 4; lastKnownFileType = sourcecode.c.h; path = "EM+ChatActionButton.h"; sourceTree = "<group>"; };
		B95FC56C1B516B2400804333 /* EM+ChatActionButton.m */ = {isa = PBXFileReference; fileEncoding = 4; lastKnownFileType = sourcecode.c.objc; path = "EM+ChatActionButton.m"; sourceTree = "<group>"; };
		B965FD8B1B535ADB00B5B23B /* EaseMobLoginController.h */ = {isa = PBXFileReference; fileEncoding = 4; lastKnownFileType = sourcecode.c.h; path = EaseMobLoginController.h; sourceTree = "<group>"; };
		B965FD8C1B535ADB00B5B23B /* EaseMobLoginController.m */ = {isa = PBXFileReference; fileEncoding = 4; lastKnownFileType = sourcecode.c.objc; path = EaseMobLoginController.m; sourceTree = "<group>"; };
		B965FD901B535FD000B5B23B /* Emoji.h */ = {isa = PBXFileReference; fileEncoding = 4; lastKnownFileType = sourcecode.c.h; path = Emoji.h; sourceTree = "<group>"; };
		B965FD911B535FD000B5B23B /* Emoji.m */ = {isa = PBXFileReference; fileEncoding = 4; lastKnownFileType = sourcecode.c.objc; path = Emoji.m; sourceTree = "<group>"; };
		B965FD921B535FD000B5B23B /* EmojiEmoticons.h */ = {isa = PBXFileReference; fileEncoding = 4; lastKnownFileType = sourcecode.c.h; path = EmojiEmoticons.h; sourceTree = "<group>"; };
		B965FD931B535FD000B5B23B /* EmojiEmoticons.m */ = {isa = PBXFileReference; fileEncoding = 4; lastKnownFileType = sourcecode.c.objc; path = EmojiEmoticons.m; sourceTree = "<group>"; };
		B965FD941B535FD000B5B23B /* EmojiMapSymbols.h */ = {isa = PBXFileReference; fileEncoding = 4; lastKnownFileType = sourcecode.c.h; path = EmojiMapSymbols.h; sourceTree = "<group>"; };
		B965FD951B535FD000B5B23B /* EmojiMapSymbols.m */ = {isa = PBXFileReference; fileEncoding = 4; lastKnownFileType = sourcecode.c.objc; path = EmojiMapSymbols.m; sourceTree = "<group>"; };
		B965FD961B535FD000B5B23B /* EmojiPictographs.h */ = {isa = PBXFileReference; fileEncoding = 4; lastKnownFileType = sourcecode.c.h; path = EmojiPictographs.h; sourceTree = "<group>"; };
		B965FD971B535FD000B5B23B /* EmojiPictographs.m */ = {isa = PBXFileReference; fileEncoding = 4; lastKnownFileType = sourcecode.c.objc; path = EmojiPictographs.m; sourceTree = "<group>"; };
		B965FD981B535FD000B5B23B /* EmojiTransport.h */ = {isa = PBXFileReference; fileEncoding = 4; lastKnownFileType = sourcecode.c.h; path = EmojiTransport.h; sourceTree = "<group>"; };
		B965FD991B535FD000B5B23B /* EmojiTransport.m */ = {isa = PBXFileReference; fileEncoding = 4; lastKnownFileType = sourcecode.c.objc; path = EmojiTransport.m; sourceTree = "<group>"; };
		B97829F11B43DEE200D602F0 /* UStylistChatController.h */ = {isa = PBXFileReference; fileEncoding = 4; lastKnownFileType = sourcecode.c.h; path = UStylistChatController.h; sourceTree = "<group>"; };
		B97829F21B43DEE200D602F0 /* UStylistChatController.m */ = {isa = PBXFileReference; fileEncoding = 4; lastKnownFileType = sourcecode.c.objc; path = UStylistChatController.m; sourceTree = "<group>"; };
		B9782A031B43F05F00D602F0 /* UIColor+Hex.h */ = {isa = PBXFileReference; fileEncoding = 4; lastKnownFileType = sourcecode.c.h; path = "UIColor+Hex.h"; sourceTree = "<group>"; };
		B9782A041B43F05F00D602F0 /* UIColor+Hex.m */ = {isa = PBXFileReference; fileEncoding = 4; lastKnownFileType = sourcecode.c.objc; path = "UIColor+Hex.m"; sourceTree = "<group>"; };
		B9782A091B43F2CB00D602F0 /* EM+Common.h */ = {isa = PBXFileReference; lastKnownFileType = sourcecode.c.h; path = "EM+Common.h"; sourceTree = "<group>"; };
		B9782A0A1B43F31F00D602F0 /* EM+ChatController.h */ = {isa = PBXFileReference; fileEncoding = 4; lastKnownFileType = sourcecode.c.h; path = "EM+ChatController.h"; sourceTree = "<group>"; };
		B9782A0B1B43F31F00D602F0 /* EM+ChatController.m */ = {isa = PBXFileReference; fileEncoding = 4; lastKnownFileType = sourcecode.c.objc; path = "EM+ChatController.m"; sourceTree = "<group>"; };
		B9782A0D1B44E91C00D602F0 /* EM+ChatToolBar.h */ = {isa = PBXFileReference; fileEncoding = 4; lastKnownFileType = sourcecode.c.h; path = "EM+ChatToolBar.h"; sourceTree = "<group>"; };
		B9782A0E1B44E91C00D602F0 /* EM+ChatToolBar.m */ = {isa = PBXFileReference; fileEncoding = 4; lastKnownFileType = sourcecode.c.objc; path = "EM+ChatToolBar.m"; sourceTree = "<group>"; };
		B9782A101B4629AC00D602F0 /* EM+ChatInputTool.h */ = {isa = PBXFileReference; fileEncoding = 4; lastKnownFileType = sourcecode.c.h; path = "EM+ChatInputTool.h"; sourceTree = "<group>"; };
		B9782A111B4629AC00D602F0 /* EM+ChatInputTool.m */ = {isa = PBXFileReference; fileEncoding = 4; lastKnownFileType = sourcecode.c.objc; path = "EM+ChatInputTool.m"; sourceTree = "<group>"; };
		B9782A171B46646100D602F0 /* EM+ChatMoreTool.h */ = {isa = PBXFileReference; fileEncoding = 4; lastKnownFileType = sourcecode.c.h; path = "EM+ChatMoreTool.h"; sourceTree = "<group>"; };
		B9782A181B46646100D602F0 /* EM+ChatMoreTool.m */ = {isa = PBXFileReference; fileEncoding = 4; lastKnownFileType = sourcecode.c.objc; path = "EM+ChatMoreTool.m"; sourceTree = "<group>"; };
		B9782A1A1B4667C700D602F0 /* EM+ChatRecordView.h */ = {isa = PBXFileReference; fileEncoding = 4; lastKnownFileType = sourcecode.c.h; path = "EM+ChatRecordView.h"; sourceTree = "<group>"; };
		B9782A1B1B4667C700D602F0 /* EM+ChatRecordView.m */ = {isa = PBXFileReference; fileEncoding = 4; lastKnownFileType = sourcecode.c.objc; path = "EM+ChatRecordView.m"; sourceTree = "<group>"; };
		B9782A1D1B4667F600D602F0 /* EM+ChatEmojiView.h */ = {isa = PBXFileReference; fileEncoding = 4; lastKnownFileType = sourcecode.c.h; path = "EM+ChatEmojiView.h"; sourceTree = "<group>"; };
		B9782A1E1B4667F600D602F0 /* EM+ChatEmojiView.m */ = {isa = PBXFileReference; fileEncoding = 4; lastKnownFileType = sourcecode.c.objc; path = "EM+ChatEmojiView.m"; sourceTree = "<group>"; };
		B9782A201B46681900D602F0 /* EM+ChatActionView.h */ = {isa = PBXFileReference; fileEncoding = 4; lastKnownFileType = sourcecode.c.h; path = "EM+ChatActionView.h"; sourceTree = "<group>"; };
		B9782A211B46681900D602F0 /* EM+ChatActionView.m */ = {isa = PBXFileReference; fileEncoding = 4; lastKnownFileType = sourcecode.c.objc; path = "EM+ChatActionView.m"; sourceTree = "<group>"; };
		B9782A231B466A6700D602F0 /* EM+ChatBaseView.h */ = {isa = PBXFileReference; fileEncoding = 4; lastKnownFileType = sourcecode.c.h; path = "EM+ChatBaseView.h"; sourceTree = "<group>"; };
		B9782A241B466A6700D602F0 /* EM+ChatBaseView.m */ = {isa = PBXFileReference; fileEncoding = 4; lastKnownFileType = sourcecode.c.objc; path = "EM+ChatBaseView.m"; sourceTree = "<group>"; };
		B9782A291B46762300D602F0 /* EM+ChatUIConfig.h */ = {isa = PBXFileReference; fileEncoding = 4; lastKnownFileType = sourcecode.c.h; path = "EM+ChatUIConfig.h"; sourceTree = "<group>"; };
		B9782A2A1B46762300D602F0 /* EM+ChatUIConfig.m */ = {isa = PBXFileReference; fileEncoding = 4; lastKnownFileType = sourcecode.c.objc; path = "EM+ChatUIConfig.m"; sourceTree = "<group>"; };
		B97F05431B73AA420096B98D /* EM+ChatFileUtils.h */ = {isa = PBXFileReference; fileEncoding = 4; lastKnownFileType = sourcecode.c.h; path = "EM+ChatFileUtils.h"; sourceTree = "<group>"; };
		B97F05441B73AA420096B98D /* EM+ChatFileUtils.m */ = {isa = PBXFileReference; fileEncoding = 4; lastKnownFileType = sourcecode.c.objc; path = "EM+ChatFileUtils.m"; sourceTree = "<group>"; };
		B97F05461B73AAD10096B98D /* EM+ChatResourcesUtils.h */ = {isa = PBXFileReference; fileEncoding = 4; lastKnownFileType = sourcecode.c.h; path = "EM+ChatResourcesUtils.h"; sourceTree = "<group>"; };
		B97F05471B73AAD10096B98D /* EM+ChatResourcesUtils.m */ = {isa = PBXFileReference; fileEncoding = 4; lastKnownFileType = sourcecode.c.objc; path = "EM+ChatResourcesUtils.m"; sourceTree = "<group>"; };
		B97F05491B7461160096B98D /* EM+ChatDBUtils.h */ = {isa = PBXFileReference; fileEncoding = 4; lastKnownFileType = sourcecode.c.h; path = "EM+ChatDBUtils.h"; sourceTree = "<group>"; };
		B97F054A1B7461160096B98D /* EM+ChatDBUtils.m */ = {isa = PBXFileReference; fileEncoding = 4; lastKnownFileType = sourcecode.c.objc; path = "EM+ChatDBUtils.m"; sourceTree = "<group>"; };
		B97F054C1B7461350096B98D /* CoreData.framework */ = {isa = PBXFileReference; lastKnownFileType = wrapper.framework; name = CoreData.framework; path = System/Library/Frameworks/CoreData.framework; sourceTree = SDKROOT; };
		B97F054F1B74630D0096B98D /* EM_ChatModel.xcdatamodel */ = {isa = PBXFileReference; lastKnownFileType = wrapper.xcdatamodel; path = EM_ChatModel.xcdatamodel; sourceTree = "<group>"; };
		B98CC23D1B54F705002558D2 /* EM+ChatTableView.h */ = {isa = PBXFileReference; fileEncoding = 4; lastKnownFileType = sourcecode.c.h; path = "EM+ChatTableView.h"; sourceTree = "<group>"; };
		B98CC23E1B54F705002558D2 /* EM+ChatTableView.m */ = {isa = PBXFileReference; fileEncoding = 4; lastKnownFileType = sourcecode.c.objc; path = "EM+ChatTableView.m"; sourceTree = "<group>"; };
		B98CC2501B57D106002558D2 /* EM+ChatMessageCell.h */ = {isa = PBXFileReference; fileEncoding = 4; lastKnownFileType = sourcecode.c.h; path = "EM+ChatMessageCell.h"; sourceTree = "<group>"; };
		B98CC2511B57D106002558D2 /* EM+ChatMessageCell.m */ = {isa = PBXFileReference; fileEncoding = 4; lastKnownFileType = sourcecode.c.objc; path = "EM+ChatMessageCell.m"; sourceTree = "<group>"; };
		B990CA4D1B5F735300BA25B1 /* EM+ChatMessageManager.h */ = {isa = PBXFileReference; fileEncoding = 4; lastKnownFileType = sourcecode.c.h; path = "EM+ChatMessageManager.h"; sourceTree = "<group>"; };
		B990CA4E1B5F735300BA25B1 /* EM+ChatMessageManager.m */ = {isa = PBXFileReference; fileEncoding = 4; lastKnownFileType = sourcecode.c.objc; path = "EM+ChatMessageManager.m"; sourceTree = "<group>"; };
		B9BF0DF71B42889F0003FF67 /* EaseMobUI.app */ = {isa = PBXFileReference; explicitFileType = wrapper.application; includeInIndex = 0; path = EaseMobUI.app; sourceTree = BUILT_PRODUCTS_DIR; };
		B9BF0DFB1B42889F0003FF67 /* Info.plist */ = {isa = PBXFileReference; lastKnownFileType = text.plist.xml; path = Info.plist; sourceTree = "<group>"; };
		B9BF0DFC1B42889F0003FF67 /* main.m */ = {isa = PBXFileReference; lastKnownFileType = sourcecode.c.objc; path = main.m; sourceTree = "<group>"; };
		B9BF0DFE1B42889F0003FF67 /* AppDelegate.h */ = {isa = PBXFileReference; lastKnownFileType = sourcecode.c.h; path = AppDelegate.h; sourceTree = "<group>"; };
		B9BF0DFF1B42889F0003FF67 /* AppDelegate.m */ = {isa = PBXFileReference; lastKnownFileType = sourcecode.c.objc; path = AppDelegate.m; sourceTree = "<group>"; };
		B9BF0E071B42889F0003FF67 /* Images.xcassets */ = {isa = PBXFileReference; lastKnownFileType = folder.assetcatalog; path = Images.xcassets; sourceTree = "<group>"; };
		B9BF0E0A1B42889F0003FF67 /* Base */ = {isa = PBXFileReference; lastKnownFileType = file.xib; name = Base; path = Base.lproj/LaunchScreen.xib; sourceTree = "<group>"; };
		B9BF0E101B42889F0003FF67 /* EaseMobUITests.xctest */ = {isa = PBXFileReference; explicitFileType = wrapper.cfbundle; includeInIndex = 0; path = EaseMobUITests.xctest; sourceTree = BUILT_PRODUCTS_DIR; };
		B9BF0E151B42889F0003FF67 /* Info.plist */ = {isa = PBXFileReference; lastKnownFileType = text.plist.xml; path = Info.plist; sourceTree = "<group>"; };
		B9BF0E161B42889F0003FF67 /* EaseMobUITests.m */ = {isa = PBXFileReference; lastKnownFileType = sourcecode.c.objc; path = EaseMobUITests.m; sourceTree = "<group>"; };
		B9D1BF731B59167600C0A3D4 /* UIViewController+HUD.h */ = {isa = PBXFileReference; fileEncoding = 4; lastKnownFileType = sourcecode.c.h; path = "UIViewController+HUD.h"; sourceTree = "<group>"; };
		B9D1BF741B59167600C0A3D4 /* UIViewController+HUD.m */ = {isa = PBXFileReference; fileEncoding = 4; lastKnownFileType = sourcecode.c.objc; path = "UIViewController+HUD.m"; sourceTree = "<group>"; };
		B9D1BF7B1B5A4C3900C0A3D4 /* EMCDDeviceManagerDelegate.h */ = {isa = PBXFileReference; fileEncoding = 4; lastKnownFileType = sourcecode.c.h; path = EMCDDeviceManagerDelegate.h; sourceTree = "<group>"; };
		B9D1BF7C1B5A4C3900C0A3D4 /* EMCDDeviceManagerProximitySensorDelegate.h */ = {isa = PBXFileReference; fileEncoding = 4; lastKnownFileType = sourcecode.c.h; path = EMCDDeviceManagerProximitySensorDelegate.h; sourceTree = "<group>"; };
		B9D1BF7E1B5A4C3900C0A3D4 /* DemoErrorCode.h */ = {isa = PBXFileReference; fileEncoding = 4; lastKnownFileType = sourcecode.c.h; path = DemoErrorCode.h; sourceTree = "<group>"; };
		B9D1BF7F1B5A4C3900C0A3D4 /* EMAudioPlayerUtil.h */ = {isa = PBXFileReference; fileEncoding = 4; lastKnownFileType = sourcecode.c.h; path = EMAudioPlayerUtil.h; sourceTree = "<group>"; };
		B9D1BF801B5A4C3900C0A3D4 /* EMAudioPlayerUtil.m */ = {isa = PBXFileReference; fileEncoding = 4; lastKnownFileType = sourcecode.c.objc; path = EMAudioPlayerUtil.m; sourceTree = "<group>"; };
		B9D1BF811B5A4C3900C0A3D4 /* EMAudioRecorderUtil.h */ = {isa = PBXFileReference; fileEncoding = 4; lastKnownFileType = sourcecode.c.h; path = EMAudioRecorderUtil.h; sourceTree = "<group>"; };
		B9D1BF821B5A4C3900C0A3D4 /* EMAudioRecorderUtil.m */ = {isa = PBXFileReference; fileEncoding = 4; lastKnownFileType = sourcecode.c.objc; path = EMAudioRecorderUtil.m; sourceTree = "<group>"; };
		B9D1BF831B5A4C3900C0A3D4 /* EMCDDeviceManager+Media.h */ = {isa = PBXFileReference; fileEncoding = 4; lastKnownFileType = sourcecode.c.h; path = "EMCDDeviceManager+Media.h"; sourceTree = "<group>"; };
		B9D1BF841B5A4C3900C0A3D4 /* EMCDDeviceManager+Media.m */ = {isa = PBXFileReference; fileEncoding = 4; lastKnownFileType = sourcecode.c.objc; path = "EMCDDeviceManager+Media.m"; sourceTree = "<group>"; };
		B9D1BF851B5A4C3900C0A3D4 /* EMCDDeviceManager+Microphone.h */ = {isa = PBXFileReference; fileEncoding = 4; lastKnownFileType = sourcecode.c.h; path = "EMCDDeviceManager+Microphone.h"; sourceTree = "<group>"; };
		B9D1BF861B5A4C3900C0A3D4 /* EMCDDeviceManager+Microphone.m */ = {isa = PBXFileReference; fileEncoding = 4; lastKnownFileType = sourcecode.c.objc; path = "EMCDDeviceManager+Microphone.m"; sourceTree = "<group>"; };
		B9D1BF871B5A4C3900C0A3D4 /* EMCDDeviceManager+ProximitySensor.h */ = {isa = PBXFileReference; fileEncoding = 4; lastKnownFileType = sourcecode.c.h; path = "EMCDDeviceManager+ProximitySensor.h"; sourceTree = "<group>"; };
		B9D1BF881B5A4C3900C0A3D4 /* EMCDDeviceManager+ProximitySensor.m */ = {isa = PBXFileReference; fileEncoding = 4; lastKnownFileType = sourcecode.c.objc; path = "EMCDDeviceManager+ProximitySensor.m"; sourceTree = "<group>"; };
		B9D1BF891B5A4C3900C0A3D4 /* EMCDDeviceManager+Remind.h */ = {isa = PBXFileReference; fileEncoding = 4; lastKnownFileType = sourcecode.c.h; path = "EMCDDeviceManager+Remind.h"; sourceTree = "<group>"; };
		B9D1BF8A1B5A4C3900C0A3D4 /* EMCDDeviceManager+Remind.m */ = {isa = PBXFileReference; fileEncoding = 4; lastKnownFileType = sourcecode.c.objc; path = "EMCDDeviceManager+Remind.m"; sourceTree = "<group>"; };
		B9D1BF8B1B5A4C3900C0A3D4 /* EMCDDeviceManager.h */ = {isa = PBXFileReference; fileEncoding = 4; lastKnownFileType = sourcecode.c.h; path = EMCDDeviceManager.h; sourceTree = "<group>"; };
		B9D1BF8C1B5A4C3900C0A3D4 /* EMCDDeviceManagerBase.h */ = {isa = PBXFileReference; fileEncoding = 4; lastKnownFileType = sourcecode.c.h; path = EMCDDeviceManagerBase.h; sourceTree = "<group>"; };
		B9D1BF8D1B5A4C3900C0A3D4 /* EMCDDeviceManagerBase.m */ = {isa = PBXFileReference; fileEncoding = 4; lastKnownFileType = sourcecode.c.objc; path = EMCDDeviceManagerBase.m; sourceTree = "<group>"; };
		B9D1BFAA1B5A56D500C0A3D4 /* EM+ChatRecordArcView.h */ = {isa = PBXFileReference; fileEncoding = 4; lastKnownFileType = sourcecode.c.h; path = "EM+ChatRecordArcView.h"; sourceTree = "<group>"; };
		B9D1BFAB1B5A56D500C0A3D4 /* EM+ChatRecordArcView.m */ = {isa = PBXFileReference; fileEncoding = 4; lastKnownFileType = sourcecode.c.objc; path = "EM+ChatRecordArcView.m"; sourceTree = "<group>"; };
		B9D1BFAD1B5CE8CF00C0A3D4 /* EM+LocationController.h */ = {isa = PBXFileReference; fileEncoding = 4; lastKnownFileType = sourcecode.c.h; path = "EM+LocationController.h"; sourceTree = "<group>"; };
		B9D1BFAE1B5CE8CF00C0A3D4 /* EM+LocationController.m */ = {isa = PBXFileReference; fileEncoding = 4; lastKnownFileType = sourcecode.c.objc; path = "EM+LocationController.m"; sourceTree = "<group>"; };
		B9D1BFB01B5DE8E800C0A3D4 /* EM+ChatMessageModel.h */ = {isa = PBXFileReference; fileEncoding = 4; lastKnownFileType = sourcecode.c.h; path = "EM+ChatMessageModel.h"; sourceTree = "<group>"; };
		B9D1BFB11B5DE8E800C0A3D4 /* EM+ChatMessageModel.m */ = {isa = PBXFileReference; fileEncoding = 4; lastKnownFileType = sourcecode.c.objc; path = "EM+ChatMessageModel.m"; sourceTree = "<group>"; };
		B9D1BFB41B5DF93300C0A3D4 /* EM+ChatMessageTextBubble.h */ = {isa = PBXFileReference; fileEncoding = 4; lastKnownFileType = sourcecode.c.h; path = "EM+ChatMessageTextBubble.h"; sourceTree = "<group>"; };
		B9D1BFB51B5DF93300C0A3D4 /* EM+ChatMessageTextBubble.m */ = {isa = PBXFileReference; fileEncoding = 4; lastKnownFileType = sourcecode.c.objc; path = "EM+ChatMessageTextBubble.m"; sourceTree = "<group>"; };
		B9D1BFB71B5E16FA00C0A3D4 /* EM+ChatMessageImageBubble.h */ = {isa = PBXFileReference; fileEncoding = 4; lastKnownFileType = sourcecode.c.h; path = "EM+ChatMessageImageBubble.h"; sourceTree = "<group>"; };
		B9D1BFB81B5E16FA00C0A3D4 /* EM+ChatMessageImageBubble.m */ = {isa = PBXFileReference; fileEncoding = 4; lastKnownFileType = sourcecode.c.objc; path = "EM+ChatMessageImageBubble.m"; sourceTree = "<group>"; };
		B9D1BFBA1B5E17AD00C0A3D4 /* EM+ChatMessageVideoBubble.h */ = {isa = PBXFileReference; fileEncoding = 4; lastKnownFileType = sourcecode.c.h; path = "EM+ChatMessageVideoBubble.h"; sourceTree = "<group>"; };
		B9D1BFBB1B5E17AD00C0A3D4 /* EM+ChatMessageVideoBubble.m */ = {isa = PBXFileReference; fileEncoding = 4; lastKnownFileType = sourcecode.c.objc; path = "EM+ChatMessageVideoBubble.m"; sourceTree = "<group>"; };
		B9D1BFBD1B5E17F700C0A3D4 /* EM+ChatMessageLocationBubble.h */ = {isa = PBXFileReference; fileEncoding = 4; lastKnownFileType = sourcecode.c.h; path = "EM+ChatMessageLocationBubble.h"; sourceTree = "<group>"; };
		B9D1BFBE1B5E17F700C0A3D4 /* EM+ChatMessageLocationBubble.m */ = {isa = PBXFileReference; fileEncoding = 4; lastKnownFileType = sourcecode.c.objc; path = "EM+ChatMessageLocationBubble.m"; sourceTree = "<group>"; };
		B9D1BFC01B5E183D00C0A3D4 /* EM+ChatMessageVoiceBubble.h */ = {isa = PBXFileReference; fileEncoding = 4; lastKnownFileType = sourcecode.c.h; path = "EM+ChatMessageVoiceBubble.h"; sourceTree = "<group>"; };
		B9D1BFC11B5E183D00C0A3D4 /* EM+ChatMessageVoiceBubble.m */ = {isa = PBXFileReference; fileEncoding = 4; lastKnownFileType = sourcecode.c.objc; path = "EM+ChatMessageVoiceBubble.m"; sourceTree = "<group>"; };
		B9D1BFC31B5E18A200C0A3D4 /* EM+ChatMessageFileBubble.h */ = {isa = PBXFileReference; fileEncoding = 4; lastKnownFileType = sourcecode.c.h; path = "EM+ChatMessageFileBubble.h"; sourceTree = "<group>"; };
		B9D1BFC41B5E18A200C0A3D4 /* EM+ChatMessageFileBubble.m */ = {isa = PBXFileReference; fileEncoding = 4; lastKnownFileType = sourcecode.c.objc; path = "EM+ChatMessageFileBubble.m"; sourceTree = "<group>"; };
/* End PBXFileReference section */

/* Begin PBXFrameworksBuildPhase section */
		B9BF0DF41B42889F0003FF67 /* Frameworks */ = {
			isa = PBXFrameworksBuildPhase;
			buildActionMask = 2147483647;
			files = (
				B97F054D1B7461350096B98D /* CoreData.framework in Frameworks */,
				4233C91D54090CEF16F59568 /* libPods.a in Frameworks */,
			);
			runOnlyForDeploymentPostprocessing = 0;
		};
		B9BF0E0D1B42889F0003FF67 /* Frameworks */ = {
			isa = PBXFrameworksBuildPhase;
			buildActionMask = 2147483647;
			files = (
			);
			runOnlyForDeploymentPostprocessing = 0;
		};
/* End PBXFrameworksBuildPhase section */

/* Begin PBXGroup section */
		1B8BDDFAD9341653309DDDBF /* Pods */ = {
			isa = PBXGroup;
			children = (
				988124437FD0EB4776958B18 /* Pods.debug.xcconfig */,
				51174D9749BCC6710D40E6CE /* Pods.release.xcconfig */,
			);
			name = Pods;
			sourceTree = "<group>";
		};
		B900868C1B6F111B003BC694 /* Utils */ = {
			isa = PBXGroup;
			children = (
				B900868D1B6F1151003BC694 /* EM+ChatDataUtils.h */,
				B900868E1B6F1151003BC694 /* EM+ChatDataUtils.m */,
				B97F05431B73AA420096B98D /* EM+ChatFileUtils.h */,
				B97F05441B73AA420096B98D /* EM+ChatFileUtils.m */,
				B97F05461B73AAD10096B98D /* EM+ChatResourcesUtils.h */,
				B97F05471B73AAD10096B98D /* EM+ChatResourcesUtils.m */,
				B97F05491B7461160096B98D /* EM+ChatDBUtils.h */,
				B97F054A1B7461160096B98D /* EM+ChatDBUtils.m */,
			);
			path = Utils;
			sourceTree = "<group>";
		};
		B90086C21B709143003BC694 /* Resource */ = {
			isa = PBXGroup;
			children = (
				B90086C31B7091CC003BC694 /* EM_ChatStrings.strings */,
				B90086C41B7091CC003BC694 /* EM_Resource.bundle */,
				B97F054E1B74630D0096B98D /* EM_ChatModel.xcdatamodeld */,
			);
			path = Resource;
			sourceTree = "<group>";
		};
		B90087111B71ABF6003BC694 /* Main */ = {
			isa = PBXGroup;
			children = (
				B90087121B71AC42003BC694 /* EaseMobUIClient.h */,
				B90087131B71AC42003BC694 /* EaseMobUIClient.m */,
			);
			path = Main;
			sourceTree = "<group>";
		};
		B928ACE01B58E1AA00F618BE /* Bubble */ = {
			isa = PBXGroup;
			children = (
				B928ACE11B58E22A00F618BE /* EM+ChatMessageBaseBubble.h */,
				B928ACE21B58E22A00F618BE /* EM+ChatMessageBaseBubble.m */,
				B9D1BFB41B5DF93300C0A3D4 /* EM+ChatMessageTextBubble.h */,
				B9D1BFB51B5DF93300C0A3D4 /* EM+ChatMessageTextBubble.m */,
				B9D1BFB71B5E16FA00C0A3D4 /* EM+ChatMessageImageBubble.h */,
				B9D1BFB81B5E16FA00C0A3D4 /* EM+ChatMessageImageBubble.m */,
				B9D1BFBA1B5E17AD00C0A3D4 /* EM+ChatMessageVideoBubble.h */,
				B9D1BFBB1B5E17AD00C0A3D4 /* EM+ChatMessageVideoBubble.m */,
				B9D1BFBD1B5E17F700C0A3D4 /* EM+ChatMessageLocationBubble.h */,
				B9D1BFBE1B5E17F700C0A3D4 /* EM+ChatMessageLocationBubble.m */,
				B9D1BFC01B5E183D00C0A3D4 /* EM+ChatMessageVoiceBubble.h */,
				B9D1BFC11B5E183D00C0A3D4 /* EM+ChatMessageVoiceBubble.m */,
				B9D1BFC31B5E18A200C0A3D4 /* EM+ChatMessageFileBubble.h */,
				B9D1BFC41B5E18A200C0A3D4 /* EM+ChatMessageFileBubble.m */,
			);
			path = Bubble;
			sourceTree = "<group>";
		};
		B94E2CD71B60884D00F7BACE /* DB */ = {
			isa = PBXGroup;
			children = (
				B94E2CE81B60D7FD00F7BACE /* EM+ChatBase.h */,
				B94E2CE91B60D7FD00F7BACE /* EM+ChatBase.m */,
				B94E2CD81B6088A500F7BACE /* EM+ChatVersion.h */,
				B94E2CD91B6088A500F7BACE /* EM+ChatVersion.m */,
				B94E2CDB1B6089D200F7BACE /* EM+ChatConversation.h */,
				B94E2CDC1B6089D200F7BACE /* EM+ChatConversation.m */,
				B94E2CEE1B60F29E00F7BACE /* EM+ChatLatelyEmoji.h */,
				B94E2CEF1B60F29E00F7BACE /* EM+ChatLatelyEmoji.m */,
			);
			path = DB;
			sourceTree = "<group>";
		};
		B94E2CE11B60952600F7BACE /* DB */ = {
			isa = PBXGroup;
			children = (
				B94E2CE21B60958A00F7BACE /* EM+DBOPHelper.h */,
				B94E2CE31B60958A00F7BACE /* EM+DBOPHelper.m */,
				B94E2CE51B60963B00F7BACE /* EM+ChatDB.h */,
				B94E2CE61B60963B00F7BACE /* EM+ChatDB.m */,
				B94E2CEB1B60E98900F7BACE /* EM+ChatDBM.h */,
				B94E2CEC1B60E98900F7BACE /* EM+ChatDBM.m */,
			);
			path = DB;
			sourceTree = "<group>";
		};
		B95E576E1B43CD7000A844EF /* EaseMobUI */ = {
			isa = PBXGroup;
			children = (
				B90087111B71ABF6003BC694 /* Main */,
				B9782A281B4675E500D602F0 /* Model */,
				B97829FB1B43EE1F00D602F0 /* Common */,
				B97829FA1B43EE0A00D602F0 /* View */,
				B97829E81B43DC3E00D602F0 /* Controller */,
			);
			path = EaseMobUI;
			sourceTree = "<group>";
		};
		B965FD8A1B5359DC00B5B23B /* Rdparty */ = {
			isa = PBXGroup;
			children = (
				B9D1BF791B5A4C3900C0A3D4 /* DeviceUtil */,
				B965FD8E1B535FD000B5B23B /* Emoji */,
			);
			path = Rdparty;
			sourceTree = "<group>";
		};
		B965FD8E1B535FD000B5B23B /* Emoji */ = {
			isa = PBXGroup;
			children = (
				B965FD901B535FD000B5B23B /* Emoji.h */,
				B965FD911B535FD000B5B23B /* Emoji.m */,
				B965FD921B535FD000B5B23B /* EmojiEmoticons.h */,
				B965FD931B535FD000B5B23B /* EmojiEmoticons.m */,
				B965FD941B535FD000B5B23B /* EmojiMapSymbols.h */,
				B965FD951B535FD000B5B23B /* EmojiMapSymbols.m */,
				B965FD961B535FD000B5B23B /* EmojiPictographs.h */,
				B965FD971B535FD000B5B23B /* EmojiPictographs.m */,
				B965FD981B535FD000B5B23B /* EmojiTransport.h */,
				B965FD991B535FD000B5B23B /* EmojiTransport.m */,
			);
			path = Emoji;
			sourceTree = "<group>";
		};
		B97829E81B43DC3E00D602F0 /* Controller */ = {
			isa = PBXGroup;
			children = (
				B9782A0A1B43F31F00D602F0 /* EM+ChatController.h */,
				B9782A0B1B43F31F00D602F0 /* EM+ChatController.m */,
				B9D1BFAD1B5CE8CF00C0A3D4 /* EM+LocationController.h */,
				B9D1BFAE1B5CE8CF00C0A3D4 /* EM+LocationController.m */,
			);
			path = Controller;
			sourceTree = "<group>";
		};
		B97829F01B43DEB700D602F0 /* Controller */ = {
			isa = PBXGroup;
			children = (
				B97829F41B43DF6B00D602F0 /* Login */,
				B97829F11B43DEE200D602F0 /* UStylistChatController.h */,
				B97829F21B43DEE200D602F0 /* UStylistChatController.m */,
			);
			path = Controller;
			sourceTree = "<group>";
		};
		B97829F41B43DF6B00D602F0 /* Login */ = {
			isa = PBXGroup;
			children = (
				B965FD8B1B535ADB00B5B23B /* EaseMobLoginController.h */,
				B965FD8C1B535ADB00B5B23B /* EaseMobLoginController.m */,
			);
			path = Login;
			sourceTree = "<group>";
		};
		B97829FA1B43EE0A00D602F0 /* View */ = {
			isa = PBXGroup;
			children = (
				B98CC23D1B54F705002558D2 /* EM+ChatTableView.h */,
				B98CC23E1B54F705002558D2 /* EM+ChatTableView.m */,
				B9782A231B466A6700D602F0 /* EM+ChatBaseView.h */,
				B9782A241B466A6700D602F0 /* EM+ChatBaseView.m */,
				B97829FE1B43EF3200D602F0 /* ChatBar */,
				B97829FD1B43EF2500D602F0 /* ChatCell */,
			);
			path = View;
			sourceTree = "<group>";
		};
		B97829FB1B43EE1F00D602F0 /* Common */ = {
			isa = PBXGroup;
			children = (
				B900868C1B6F111B003BC694 /* Utils */,
				B94E2CE11B60952600F7BACE /* DB */,
				B9782A091B43F2CB00D602F0 /* EM+Common.h */,
				B965FD8A1B5359DC00B5B23B /* Rdparty */,
				B9782A021B43F00100D602F0 /* Category */,
				B9782A001B43EF7200D602F0 /* Class */,
				B9782A011B43EFAC00D602F0 /* View */,
			);
			path = Common;
			sourceTree = "<group>";
		};
		B97829FD1B43EF2500D602F0 /* ChatCell */ = {
			isa = PBXGroup;
			children = (
				B98CC2501B57D106002558D2 /* EM+ChatMessageCell.h */,
				B98CC2511B57D106002558D2 /* EM+ChatMessageCell.m */,
				B928ACE01B58E1AA00F618BE /* Bubble */,
				B990E1891B69D515009939F5 /* Extend */,
			);
			path = ChatCell;
			sourceTree = "<group>";
		};
		B97829FE1B43EF3200D602F0 /* ChatBar */ = {
			isa = PBXGroup;
			children = (
				B9782A0D1B44E91C00D602F0 /* EM+ChatToolBar.h */,
				B9782A0E1B44E91C00D602F0 /* EM+ChatToolBar.m */,
				B9782A101B4629AC00D602F0 /* EM+ChatInputTool.h */,
				B9782A111B4629AC00D602F0 /* EM+ChatInputTool.m */,
				B94E2CF11B623A1400F7BACE /* EM+ChatInputView.h */,
				B94E2CF21B623A1400F7BACE /* EM+ChatInputView.m */,
				B9782A171B46646100D602F0 /* EM+ChatMoreTool.h */,
				B9782A181B46646100D602F0 /* EM+ChatMoreTool.m */,
				B9782A161B4663C400D602F0 /* Tool */,
			);
			path = ChatBar;
			sourceTree = "<group>";
		};
		B9782A001B43EF7200D602F0 /* Class */ = {
			isa = PBXGroup;
			children = (
				B990CA4D1B5F735300BA25B1 /* EM+ChatMessageManager.h */,
				B990CA4E1B5F735300BA25B1 /* EM+ChatMessageManager.m */,
			);
			path = Class;
			sourceTree = "<group>";
		};
		B9782A011B43EFAC00D602F0 /* View */ = {
			isa = PBXGroup;
			children = (
			);
			path = View;
			sourceTree = "<group>";
		};
		B9782A021B43F00100D602F0 /* Category */ = {
			isa = PBXGroup;
			children = (
				B9D1BF731B59167600C0A3D4 /* UIViewController+HUD.h */,
				B9D1BF741B59167600C0A3D4 /* UIViewController+HUD.m */,
				B9782A031B43F05F00D602F0 /* UIColor+Hex.h */,
				B9782A041B43F05F00D602F0 /* UIColor+Hex.m */,
			);
			path = Category;
			sourceTree = "<group>";
		};
		B9782A161B4663C400D602F0 /* Tool */ = {
			isa = PBXGroup;
			children = (
				B9D1BFAA1B5A56D500C0A3D4 /* EM+ChatRecordArcView.h */,
				B9D1BFAB1B5A56D500C0A3D4 /* EM+ChatRecordArcView.m */,
				B9782A1A1B4667C700D602F0 /* EM+ChatRecordView.h */,
				B9782A1B1B4667C700D602F0 /* EM+ChatRecordView.m */,
				B9782A1D1B4667F600D602F0 /* EM+ChatEmojiView.h */,
				B9782A1E1B4667F600D602F0 /* EM+ChatEmojiView.m */,
				B9782A201B46681900D602F0 /* EM+ChatActionView.h */,
				B9782A211B46681900D602F0 /* EM+ChatActionView.m */,
				B95FC56B1B516B2400804333 /* EM+ChatActionButton.h */,
				B95FC56C1B516B2400804333 /* EM+ChatActionButton.m */,
			);
			path = Tool;
			sourceTree = "<group>";
		};
		B9782A281B4675E500D602F0 /* Model */ = {
			isa = PBXGroup;
			children = (
				B94E2CD71B60884D00F7BACE /* DB */,
				B9782A291B46762300D602F0 /* EM+ChatUIConfig.h */,
				B9782A2A1B46762300D602F0 /* EM+ChatUIConfig.m */,
				B98CC2531B57D37A002558D2 /* Message */,
			);
			path = Model;
			sourceTree = "<group>";
		};
		B98CC2531B57D37A002558D2 /* Message */ = {
			isa = PBXGroup;
			children = (
				B9D1BFB01B5DE8E800C0A3D4 /* EM+ChatMessageModel.h */,
				B9D1BFB11B5DE8E800C0A3D4 /* EM+ChatMessageModel.m */,
				B94E2CDE1B608B9C00F7BACE /* EM+ChatMessageData.h */,
				B94E2CDF1B608B9C00F7BACE /* EM+ChatMessageData.m */,
			);
			path = Message;
			sourceTree = "<group>";
		};
		B990E1891B69D515009939F5 /* Extend */ = {
			isa = PBXGroup;
			children = (
			);
			path = Extend;
			sourceTree = "<group>";
		};
		B9BF0DEE1B42889F0003FF67 = {
			isa = PBXGroup;
			children = (
				B9BF0DF91B42889F0003FF67 /* EaseMobUI */,
				B9BF0E131B42889F0003FF67 /* EaseMobUITests */,
				B9BF0DF81B42889F0003FF67 /* Products */,
				1B8BDDFAD9341653309DDDBF /* Pods */,
				DCEF3704E015E69BA9E67AC5 /* Frameworks */,
			);
			sourceTree = "<group>";
		};
		B9BF0DF81B42889F0003FF67 /* Products */ = {
			isa = PBXGroup;
			children = (
				B9BF0DF71B42889F0003FF67 /* EaseMobUI.app */,
				B9BF0E101B42889F0003FF67 /* EaseMobUITests.xctest */,
			);
			name = Products;
			sourceTree = "<group>";
		};
		B9BF0DF91B42889F0003FF67 /* EaseMobUI */ = {
			isa = PBXGroup;
			children = (
				B97829F01B43DEB700D602F0 /* Controller */,
				B95E576E1B43CD7000A844EF /* EaseMobUI */,
				B9BF0DFE1B42889F0003FF67 /* AppDelegate.h */,
				B9BF0DFF1B42889F0003FF67 /* AppDelegate.m */,
				B9BF0E071B42889F0003FF67 /* Images.xcassets */,
				B9BF0E091B42889F0003FF67 /* LaunchScreen.xib */,
				B9BF0DFA1B42889F0003FF67 /* Supporting Files */,
			);
			path = EaseMobUI;
			sourceTree = "<group>";
		};
		B9BF0DFA1B42889F0003FF67 /* Supporting Files */ = {
			isa = PBXGroup;
			children = (
				B90086C21B709143003BC694 /* Resource */,
				B9BF0DFB1B42889F0003FF67 /* Info.plist */,
				B9BF0DFC1B42889F0003FF67 /* main.m */,
			);
			name = "Supporting Files";
			sourceTree = "<group>";
		};
		B9BF0E131B42889F0003FF67 /* EaseMobUITests */ = {
			isa = PBXGroup;
			children = (
				B9BF0E161B42889F0003FF67 /* EaseMobUITests.m */,
				B9BF0E141B42889F0003FF67 /* Supporting Files */,
			);
			path = EaseMobUITests;
			sourceTree = "<group>";
		};
		B9BF0E141B42889F0003FF67 /* Supporting Files */ = {
			isa = PBXGroup;
			children = (
				B9BF0E151B42889F0003FF67 /* Info.plist */,
			);
			name = "Supporting Files";
			sourceTree = "<group>";
		};
		B9D1BF791B5A4C3900C0A3D4 /* DeviceUtil */ = {
			isa = PBXGroup;
			children = (
				B9D1BF7A1B5A4C3900C0A3D4 /* delegates */,
				B9D1BF7D1B5A4C3900C0A3D4 /* internal */,
			);
			path = DeviceUtil;
			sourceTree = "<group>";
		};
		B9D1BF7A1B5A4C3900C0A3D4 /* delegates */ = {
			isa = PBXGroup;
			children = (
				B9D1BF7B1B5A4C3900C0A3D4 /* EMCDDeviceManagerDelegate.h */,
				B9D1BF7C1B5A4C3900C0A3D4 /* EMCDDeviceManagerProximitySensorDelegate.h */,
			);
			path = delegates;
			sourceTree = "<group>";
		};
		B9D1BF7D1B5A4C3900C0A3D4 /* internal */ = {
			isa = PBXGroup;
			children = (
				B9D1BF7E1B5A4C3900C0A3D4 /* DemoErrorCode.h */,
				B9D1BF7F1B5A4C3900C0A3D4 /* EMAudioPlayerUtil.h */,
				B9D1BF801B5A4C3900C0A3D4 /* EMAudioPlayerUtil.m */,
				B9D1BF811B5A4C3900C0A3D4 /* EMAudioRecorderUtil.h */,
				B9D1BF821B5A4C3900C0A3D4 /* EMAudioRecorderUtil.m */,
				B9D1BF831B5A4C3900C0A3D4 /* EMCDDeviceManager+Media.h */,
				B9D1BF841B5A4C3900C0A3D4 /* EMCDDeviceManager+Media.m */,
				B9D1BF851B5A4C3900C0A3D4 /* EMCDDeviceManager+Microphone.h */,
				B9D1BF861B5A4C3900C0A3D4 /* EMCDDeviceManager+Microphone.m */,
				B9D1BF871B5A4C3900C0A3D4 /* EMCDDeviceManager+ProximitySensor.h */,
				B9D1BF881B5A4C3900C0A3D4 /* EMCDDeviceManager+ProximitySensor.m */,
				B9D1BF891B5A4C3900C0A3D4 /* EMCDDeviceManager+Remind.h */,
				B9D1BF8A1B5A4C3900C0A3D4 /* EMCDDeviceManager+Remind.m */,
				B9D1BF8B1B5A4C3900C0A3D4 /* EMCDDeviceManager.h */,
				B9D1BF8C1B5A4C3900C0A3D4 /* EMCDDeviceManagerBase.h */,
				B9D1BF8D1B5A4C3900C0A3D4 /* EMCDDeviceManagerBase.m */,
			);
			path = internal;
			sourceTree = "<group>";
		};
		DCEF3704E015E69BA9E67AC5 /* Frameworks */ = {
			isa = PBXGroup;
			children = (
				B97F054C1B7461350096B98D /* CoreData.framework */,
				055F3965F5D3B2098C86D930 /* libPods.a */,
			);
			name = Frameworks;
			sourceTree = "<group>";
		};
/* End PBXGroup section */

/* Begin PBXNativeTarget section */
		B9BF0DF61B42889F0003FF67 /* EaseMobUI */ = {
			isa = PBXNativeTarget;
			buildConfigurationList = B9BF0E1A1B4288A00003FF67 /* Build configuration list for PBXNativeTarget "EaseMobUI" */;
			buildPhases = (
				1A35F85DDA3AA80F0C7305A7 /* Check Pods Manifest.lock */,
				B9BF0DF31B42889F0003FF67 /* Sources */,
				B9BF0DF41B42889F0003FF67 /* Frameworks */,
				B9BF0DF51B42889F0003FF67 /* Resources */,
				50B1E917C04D3B68CCD12DAD /* Copy Pods Resources */,
			);
			buildRules = (
			);
			dependencies = (
			);
			name = EaseMobUI;
			productName = EaseMobUI;
			productReference = B9BF0DF71B42889F0003FF67 /* EaseMobUI.app */;
			productType = "com.apple.product-type.application";
		};
		B9BF0E0F1B42889F0003FF67 /* EaseMobUITests */ = {
			isa = PBXNativeTarget;
			buildConfigurationList = B9BF0E1D1B4288A00003FF67 /* Build configuration list for PBXNativeTarget "EaseMobUITests" */;
			buildPhases = (
				B9BF0E0C1B42889F0003FF67 /* Sources */,
				B9BF0E0D1B42889F0003FF67 /* Frameworks */,
				B9BF0E0E1B42889F0003FF67 /* Resources */,
			);
			buildRules = (
			);
			dependencies = (
				B9BF0E121B42889F0003FF67 /* PBXTargetDependency */,
			);
			name = EaseMobUITests;
			productName = EaseMobUITests;
			productReference = B9BF0E101B42889F0003FF67 /* EaseMobUITests.xctest */;
			productType = "com.apple.product-type.bundle.unit-test";
		};
/* End PBXNativeTarget section */

/* Begin PBXProject section */
		B9BF0DEF1B42889F0003FF67 /* Project object */ = {
			isa = PBXProject;
			attributes = {
				LastUpgradeCheck = 0630;
				ORGANIZATIONNAME = "周玉震";
				TargetAttributes = {
					B9BF0DF61B42889F0003FF67 = {
						CreatedOnToolsVersion = 6.3.2;
						DevelopmentTeam = 9ECTU77S2U;
					};
					B9BF0E0F1B42889F0003FF67 = {
						CreatedOnToolsVersion = 6.3.2;
						TestTargetID = B9BF0DF61B42889F0003FF67;
					};
				};
			};
			buildConfigurationList = B9BF0DF21B42889F0003FF67 /* Build configuration list for PBXProject "EaseMobUI" */;
			compatibilityVersion = "Xcode 3.2";
			developmentRegion = English;
			hasScannedForEncodings = 0;
			knownRegions = (
				en,
				Base,
			);
			mainGroup = B9BF0DEE1B42889F0003FF67;
			productRefGroup = B9BF0DF81B42889F0003FF67 /* Products */;
			projectDirPath = "";
			projectRoot = "";
			targets = (
				B9BF0DF61B42889F0003FF67 /* EaseMobUI */,
				B9BF0E0F1B42889F0003FF67 /* EaseMobUITests */,
			);
		};
/* End PBXProject section */

/* Begin PBXResourcesBuildPhase section */
		B9BF0DF51B42889F0003FF67 /* Resources */ = {
			isa = PBXResourcesBuildPhase;
			buildActionMask = 2147483647;
			files = (
				B9BF0E0B1B42889F0003FF67 /* LaunchScreen.xib in Resources */,
				B9BF0E081B42889F0003FF67 /* Images.xcassets in Resources */,
				B90086C51B7091CC003BC694 /* EM_ChatStrings.strings in Resources */,
				B90086C61B7091CC003BC694 /* EM_Resource.bundle in Resources */,
			);
			runOnlyForDeploymentPostprocessing = 0;
		};
		B9BF0E0E1B42889F0003FF67 /* Resources */ = {
			isa = PBXResourcesBuildPhase;
			buildActionMask = 2147483647;
			files = (
			);
			runOnlyForDeploymentPostprocessing = 0;
		};
/* End PBXResourcesBuildPhase section */

/* Begin PBXShellScriptBuildPhase section */
		1A35F85DDA3AA80F0C7305A7 /* Check Pods Manifest.lock */ = {
			isa = PBXShellScriptBuildPhase;
			buildActionMask = 2147483647;
			files = (
			);
			inputPaths = (
			);
			name = "Check Pods Manifest.lock";
			outputPaths = (
			);
			runOnlyForDeploymentPostprocessing = 0;
			shellPath = /bin/sh;
			shellScript = "diff \"${PODS_ROOT}/../Podfile.lock\" \"${PODS_ROOT}/Manifest.lock\" > /dev/null\nif [[ $? != 0 ]] ; then\n    cat << EOM\nerror: The sandbox is not in sync with the Podfile.lock. Run 'pod install' or update your CocoaPods installation.\nEOM\n    exit 1\nfi\n";
			showEnvVarsInLog = 0;
		};
		50B1E917C04D3B68CCD12DAD /* Copy Pods Resources */ = {
			isa = PBXShellScriptBuildPhase;
			buildActionMask = 2147483647;
			files = (
			);
			inputPaths = (
			);
			name = "Copy Pods Resources";
			outputPaths = (
			);
			runOnlyForDeploymentPostprocessing = 0;
			shellPath = /bin/sh;
			shellScript = "\"${SRCROOT}/Pods/Target Support Files/Pods/Pods-resources.sh\"\n";
			showEnvVarsInLog = 0;
		};
/* End PBXShellScriptBuildPhase section */

/* Begin PBXSourcesBuildPhase section */
		B9BF0DF31B42889F0003FF67 /* Sources */ = {
			isa = PBXSourcesBuildPhase;
			buildActionMask = 2147483647;
			files = (
				B9D1BF9E1B5A4C3900C0A3D4 /* EMAudioPlayerUtil.m in Sources */,
				B965FD9C1B535FD000B5B23B /* EmojiEmoticons.m in Sources */,
				B9782A221B46681900D602F0 /* EM+ChatActionView.m in Sources */,
				B9D1BFAC1B5A56D500C0A3D4 /* EM+ChatRecordArcView.m in Sources */,
				B9782A251B466A6700D602F0 /* EM+ChatBaseView.m in Sources */,
				B900868F1B6F1151003BC694 /* EM+ChatDataUtils.m in Sources */,
				B9D1BFA11B5A4C3900C0A3D4 /* EMCDDeviceManager+Microphone.m in Sources */,
				B9D1BF9F1B5A4C3900C0A3D4 /* EMAudioRecorderUtil.m in Sources */,
				B94E2CDD1B6089D200F7BACE /* EM+ChatConversation.m in Sources */,
				B965FD9F1B535FD000B5B23B /* EmojiTransport.m in Sources */,
				B9D1BFA01B5A4C3900C0A3D4 /* EMCDDeviceManager+Media.m in Sources */,
				B9D1BFC51B5E18A200C0A3D4 /* EM+ChatMessageFileBubble.m in Sources */,
				B94E2CE41B60958A00F7BACE /* EM+DBOPHelper.m in Sources */,
				B97829F31B43DEE200D602F0 /* UStylistChatController.m in Sources */,
				B928ACE31B58E22A00F618BE /* EM+ChatMessageBaseBubble.m in Sources */,
				B94E2CF31B623A1400F7BACE /* EM+ChatInputView.m in Sources */,
				B9782A051B43F05F00D602F0 /* UIColor+Hex.m in Sources */,
				B9782A1C1B4667C700D602F0 /* EM+ChatRecordView.m in Sources */,
				B94E2CED1B60E98900F7BACE /* EM+ChatDBM.m in Sources */,
				B9782A191B46646100D602F0 /* EM+ChatMoreTool.m in Sources */,
				B9D1BFA21B5A4C3900C0A3D4 /* EMCDDeviceManager+ProximitySensor.m in Sources */,
				B9D1BFB61B5DF93400C0A3D4 /* EM+ChatMessageTextBubble.m in Sources */,
				B9D1BFAF1B5CE8CF00C0A3D4 /* EM+LocationController.m in Sources */,
				B9D1BFA41B5A4C3900C0A3D4 /* EMCDDeviceManagerBase.m in Sources */,
				B98CC2521B57D106002558D2 /* EM+ChatMessageCell.m in Sources */,
				B990CA4F1B5F735300BA25B1 /* EM+ChatMessageManager.m in Sources */,
				B965FD9B1B535FD000B5B23B /* Emoji.m in Sources */,
				B9BF0E001B42889F0003FF67 /* AppDelegate.m in Sources */,
				B9782A1F1B4667F600D602F0 /* EM+ChatEmojiView.m in Sources */,
				B98CC23F1B54F705002558D2 /* EM+ChatTableView.m in Sources */,
				B965FD9D1B535FD000B5B23B /* EmojiMapSymbols.m in Sources */,
				B94E2CEA1B60D7FD00F7BACE /* EM+ChatBase.m in Sources */,
				B97F05451B73AA420096B98D /* EM+ChatFileUtils.m in Sources */,
				B9D1BFBC1B5E17AD00C0A3D4 /* EM+ChatMessageVideoBubble.m in Sources */,
				B9782A2B1B46762300D602F0 /* EM+ChatUIConfig.m in Sources */,
				B9D1BFB91B5E16FA00C0A3D4 /* EM+ChatMessageImageBubble.m in Sources */,
				B9D1BFC21B5E183D00C0A3D4 /* EM+ChatMessageVoiceBubble.m in Sources */,
				B9782A0F1B44E91C00D602F0 /* EM+ChatToolBar.m in Sources */,
				B9D1BFB21B5DE8E800C0A3D4 /* EM+ChatMessageModel.m in Sources */,
				B965FD9E1B535FD000B5B23B /* EmojiPictographs.m in Sources */,
				B9D1BF751B59167600C0A3D4 /* UIViewController+HUD.m in Sources */,
				B97F054B1B7461160096B98D /* EM+ChatDBUtils.m in Sources */,
				B9782A121B4629AC00D602F0 /* EM+ChatInputTool.m in Sources */,
				B97F05501B74630D0096B98D /* EM_ChatModel.xcdatamodeld in Sources */,
				B90087141B71AC42003BC694 /* EaseMobUIClient.m in Sources */,
				B94E2CE01B608B9C00F7BACE /* EM+ChatMessageData.m in Sources */,
				B9782A0C1B43F31F00D602F0 /* EM+ChatController.m in Sources */,
				B94E2CE71B60963B00F7BACE /* EM+ChatDB.m in Sources */,
				B965FD8D1B535ADB00B5B23B /* EaseMobLoginController.m in Sources */,
				B94E2CDA1B6088A500F7BACE /* EM+ChatVersion.m in Sources */,
				B9D1BFA31B5A4C3900C0A3D4 /* EMCDDeviceManager+Remind.m in Sources */,
				B9BF0DFD1B42889F0003FF67 /* main.m in Sources */,
				B95FC56D1B516B2400804333 /* EM+ChatActionButton.m in Sources */,
				B97F05481B73AAD10096B98D /* EM+ChatResourcesUtils.m in Sources */,
				B9D1BFBF1B5E17F700C0A3D4 /* EM+ChatMessageLocationBubble.m in Sources */,
				B94E2CF01B60F29E00F7BACE /* EM+ChatLatelyEmoji.m in Sources */,
			);
			runOnlyForDeploymentPostprocessing = 0;
		};
		B9BF0E0C1B42889F0003FF67 /* Sources */ = {
			isa = PBXSourcesBuildPhase;
			buildActionMask = 2147483647;
			files = (
				B9BF0E171B42889F0003FF67 /* EaseMobUITests.m in Sources */,
			);
			runOnlyForDeploymentPostprocessing = 0;
		};
/* End PBXSourcesBuildPhase section */

/* Begin PBXTargetDependency section */
		B9BF0E121B42889F0003FF67 /* PBXTargetDependency */ = {
			isa = PBXTargetDependency;
			target = B9BF0DF61B42889F0003FF67 /* EaseMobUI */;
			targetProxy = B9BF0E111B42889F0003FF67 /* PBXContainerItemProxy */;
		};
/* End PBXTargetDependency section */

/* Begin PBXVariantGroup section */
		B9BF0E091B42889F0003FF67 /* LaunchScreen.xib */ = {
			isa = PBXVariantGroup;
			children = (
				B9BF0E0A1B42889F0003FF67 /* Base */,
			);
			name = LaunchScreen.xib;
			sourceTree = "<group>";
		};
/* End PBXVariantGroup section */

/* Begin XCBuildConfiguration section */
		B9BF0E181B4288A00003FF67 /* Debug */ = {
			isa = XCBuildConfiguration;
			buildSettings = {
				ALWAYS_SEARCH_USER_PATHS = NO;
				CLANG_CXX_LANGUAGE_STANDARD = "gnu++0x";
				CLANG_CXX_LIBRARY = "libc++";
				CLANG_ENABLE_MODULES = YES;
				CLANG_ENABLE_OBJC_ARC = YES;
				CLANG_WARN_BOOL_CONVERSION = YES;
				CLANG_WARN_CONSTANT_CONVERSION = YES;
				CLANG_WARN_DIRECT_OBJC_ISA_USAGE = YES_ERROR;
				CLANG_WARN_EMPTY_BODY = YES;
				CLANG_WARN_ENUM_CONVERSION = YES;
				CLANG_WARN_INT_CONVERSION = YES;
				CLANG_WARN_OBJC_ROOT_CLASS = YES_ERROR;
				CLANG_WARN_UNREACHABLE_CODE = YES;
				CLANG_WARN__DUPLICATE_METHOD_MATCH = YES;
				"CODE_SIGN_IDENTITY[sdk=iphoneos*]" = "iPhone Developer";
				COPY_PHASE_STRIP = NO;
				DEBUG_INFORMATION_FORMAT = "dwarf-with-dsym";
				ENABLE_STRICT_OBJC_MSGSEND = YES;
				GCC_C_LANGUAGE_STANDARD = gnu99;
				GCC_DYNAMIC_NO_PIC = NO;
				GCC_NO_COMMON_BLOCKS = YES;
				GCC_OPTIMIZATION_LEVEL = 0;
				GCC_PREPROCESSOR_DEFINITIONS = (
					"DEBUG=1",
					"$(inherited)",
				);
				GCC_SYMBOLS_PRIVATE_EXTERN = NO;
				GCC_WARN_64_TO_32_BIT_CONVERSION = YES;
				GCC_WARN_ABOUT_RETURN_TYPE = YES_ERROR;
				GCC_WARN_UNDECLARED_SELECTOR = YES;
				GCC_WARN_UNINITIALIZED_AUTOS = YES_AGGRESSIVE;
				GCC_WARN_UNUSED_FUNCTION = YES;
				GCC_WARN_UNUSED_VARIABLE = YES;
				IPHONEOS_DEPLOYMENT_TARGET = 6.1;
				MTL_ENABLE_DEBUG_INFO = YES;
				ONLY_ACTIVE_ARCH = YES;
				SDKROOT = iphoneos;
				TARGETED_DEVICE_FAMILY = "1,2";
			};
			name = Debug;
		};
		B9BF0E191B4288A00003FF67 /* Release */ = {
			isa = XCBuildConfiguration;
			buildSettings = {
				ALWAYS_SEARCH_USER_PATHS = NO;
				CLANG_CXX_LANGUAGE_STANDARD = "gnu++0x";
				CLANG_CXX_LIBRARY = "libc++";
				CLANG_ENABLE_MODULES = YES;
				CLANG_ENABLE_OBJC_ARC = YES;
				CLANG_WARN_BOOL_CONVERSION = YES;
				CLANG_WARN_CONSTANT_CONVERSION = YES;
				CLANG_WARN_DIRECT_OBJC_ISA_USAGE = YES_ERROR;
				CLANG_WARN_EMPTY_BODY = YES;
				CLANG_WARN_ENUM_CONVERSION = YES;
				CLANG_WARN_INT_CONVERSION = YES;
				CLANG_WARN_OBJC_ROOT_CLASS = YES_ERROR;
				CLANG_WARN_UNREACHABLE_CODE = YES;
				CLANG_WARN__DUPLICATE_METHOD_MATCH = YES;
				"CODE_SIGN_IDENTITY[sdk=iphoneos*]" = "iPhone Developer";
				COPY_PHASE_STRIP = NO;
				DEBUG_INFORMATION_FORMAT = "dwarf-with-dsym";
				ENABLE_NS_ASSERTIONS = NO;
				ENABLE_STRICT_OBJC_MSGSEND = YES;
				GCC_C_LANGUAGE_STANDARD = gnu99;
				GCC_NO_COMMON_BLOCKS = YES;
				GCC_WARN_64_TO_32_BIT_CONVERSION = YES;
				GCC_WARN_ABOUT_RETURN_TYPE = YES_ERROR;
				GCC_WARN_UNDECLARED_SELECTOR = YES;
				GCC_WARN_UNINITIALIZED_AUTOS = YES_AGGRESSIVE;
				GCC_WARN_UNUSED_FUNCTION = YES;
				GCC_WARN_UNUSED_VARIABLE = YES;
				IPHONEOS_DEPLOYMENT_TARGET = 6.1;
				MTL_ENABLE_DEBUG_INFO = NO;
				SDKROOT = iphoneos;
				TARGETED_DEVICE_FAMILY = "1,2";
				VALIDATE_PRODUCT = YES;
			};
			name = Release;
		};
		B9BF0E1B1B4288A00003FF67 /* Debug */ = {
			isa = XCBuildConfiguration;
			baseConfigurationReference = 988124437FD0EB4776958B18 /* Pods.debug.xcconfig */;
			buildSettings = {
				ASSETCATALOG_COMPILER_APPICON_NAME = AppIcon;
				CODE_SIGN_IDENTITY = "iPhone Developer";
				"CODE_SIGN_IDENTITY[sdk=iphoneos*]" = "iPhone Developer";
				INFOPLIST_FILE = EaseMobUI/Info.plist;
				IPHONEOS_DEPLOYMENT_TARGET = 7.0;
				LD_RUNPATH_SEARCH_PATHS = "$(inherited) @executable_path/Frameworks";
				LIBRARY_SEARCH_PATHS = (
					"$(inherited)",
					"$(PROJECT_DIR)/EaseMobUI/EaseMobUI/Common/Rdparty/VoiceConvert/opencore-amrnb",
					"$(PROJECT_DIR)/EaseMobUI/EaseMobUI/Common/Rdparty/VoiceConvert/opencore-amrwb",
				);
				PRODUCT_NAME = "$(TARGET_NAME)";
				PROVISIONING_PROFILE = "50f0f1d9-80b8-4742-86e4-7e8ef1a7d34e";
			};
			name = Debug;
		};
		B9BF0E1C1B4288A00003FF67 /* Release */ = {
			isa = XCBuildConfiguration;
			baseConfigurationReference = 51174D9749BCC6710D40E6CE /* Pods.release.xcconfig */;
			buildSettings = {
				ASSETCATALOG_COMPILER_APPICON_NAME = AppIcon;
				CODE_SIGN_IDENTITY = "iPhone Developer";
				"CODE_SIGN_IDENTITY[sdk=iphoneos*]" = "iPhone Developer";
				INFOPLIST_FILE = EaseMobUI/Info.plist;
				IPHONEOS_DEPLOYMENT_TARGET = 7.0;
				LD_RUNPATH_SEARCH_PATHS = "$(inherited) @executable_path/Frameworks";
				LIBRARY_SEARCH_PATHS = (
					"$(inherited)",
					"$(PROJECT_DIR)/EaseMobUI/EaseMobUI/Common/Rdparty/VoiceConvert/opencore-amrnb",
					"$(PROJECT_DIR)/EaseMobUI/EaseMobUI/Common/Rdparty/VoiceConvert/opencore-amrwb",
				);
				PRODUCT_NAME = "$(TARGET_NAME)";
				PROVISIONING_PROFILE = "50f0f1d9-80b8-4742-86e4-7e8ef1a7d34e";
			};
			name = Release;
		};
		B9BF0E1E1B4288A00003FF67 /* Debug */ = {
			isa = XCBuildConfiguration;
			buildSettings = {
				BUNDLE_LOADER = "$(TEST_HOST)";
				FRAMEWORK_SEARCH_PATHS = (
					"$(SDKROOT)/Developer/Library/Frameworks",
					"$(inherited)",
				);
				GCC_PREPROCESSOR_DEFINITIONS = (
					"DEBUG=1",
					"$(inherited)",
				);
				INFOPLIST_FILE = EaseMobUITests/Info.plist;
				LD_RUNPATH_SEARCH_PATHS = "$(inherited) @executable_path/Frameworks @loader_path/Frameworks";
				PRODUCT_NAME = "$(TARGET_NAME)";
				TEST_HOST = "$(BUILT_PRODUCTS_DIR)/EaseMobUI.app/EaseMobUI";
			};
			name = Debug;
		};
		B9BF0E1F1B4288A00003FF67 /* Release */ = {
			isa = XCBuildConfiguration;
			buildSettings = {
				BUNDLE_LOADER = "$(TEST_HOST)";
				FRAMEWORK_SEARCH_PATHS = (
					"$(SDKROOT)/Developer/Library/Frameworks",
					"$(inherited)",
				);
				INFOPLIST_FILE = EaseMobUITests/Info.plist;
				LD_RUNPATH_SEARCH_PATHS = "$(inherited) @executable_path/Frameworks @loader_path/Frameworks";
				PRODUCT_NAME = "$(TARGET_NAME)";
				TEST_HOST = "$(BUILT_PRODUCTS_DIR)/EaseMobUI.app/EaseMobUI";
			};
			name = Release;
		};
/* End XCBuildConfiguration section */

/* Begin XCConfigurationList section */
		B9BF0DF21B42889F0003FF67 /* Build configuration list for PBXProject "EaseMobUI" */ = {
			isa = XCConfigurationList;
			buildConfigurations = (
				B9BF0E181B4288A00003FF67 /* Debug */,
				B9BF0E191B4288A00003FF67 /* Release */,
			);
			defaultConfigurationIsVisible = 0;
			defaultConfigurationName = Release;
		};
		B9BF0E1A1B4288A00003FF67 /* Build configuration list for PBXNativeTarget "EaseMobUI" */ = {
			isa = XCConfigurationList;
			buildConfigurations = (
				B9BF0E1B1B4288A00003FF67 /* Debug */,
				B9BF0E1C1B4288A00003FF67 /* Release */,
			);
			defaultConfigurationIsVisible = 0;
			defaultConfigurationName = Release;
		};
		B9BF0E1D1B4288A00003FF67 /* Build configuration list for PBXNativeTarget "EaseMobUITests" */ = {
			isa = XCConfigurationList;
			buildConfigurations = (
				B9BF0E1E1B4288A00003FF67 /* Debug */,
				B9BF0E1F1B4288A00003FF67 /* Release */,
			);
			defaultConfigurationIsVisible = 0;
			defaultConfigurationName = Release;
		};
/* End XCConfigurationList section */

/* Begin XCVersionGroup section */
		B97F054E1B74630D0096B98D /* EM_ChatModel.xcdatamodeld */ = {
			isa = XCVersionGroup;
			children = (
				B97F054F1B74630D0096B98D /* EM_ChatModel.xcdatamodel */,
			);
			currentVersion = B97F054F1B74630D0096B98D /* EM_ChatModel.xcdatamodel */;
			path = EM_ChatModel.xcdatamodeld;
			sourceTree = "<group>";
			versionGroupType = wrapper.xcdatamodel;
		};
/* End XCVersionGroup section */
	};
	rootObject = B9BF0DEF1B42889F0003FF67 /* Project object */;
}
